
Microsoft Visual Studio Solution File, Format Version 12.00
# Visual Studio Version 17
VisualStudioVersion = 17.14.36915.13 d17.14
MinimumVisualStudioVersion = 10.0.40219.1
Project("{FAE04EC0-301F-11D3-BF4B-00C04F79EFBC}") = "xlauncher", "xlauncher\xlauncher.csproj", "{5310FE4F-72A2-4F17-A27C-E17D3577804A}"
EndProject
Global
	GlobalSection(SolutionConfigurationPlatforms) = preSolution
		Debug|Any CPU = Debug|Any CPU
		Release|Any CPU = Release|Any CPU
	EndGlobalSection
	GlobalSection(ProjectConfigurationPlatforms) = postSolution
		{5310FE4F-72A2-4F17-A27C-E17D3577804A}.Debug|Any CPU.ActiveCfg = Debug|Any CPU
		{5310FE4F-72A2-4F17-A27C-E17D3577804A}.Debug|Any CPU.Build.0 = Debug|Any CPU
		{5310FE4F-72A2-4F17-A27C-E17D3577804A}.Release|Any CPU.ActiveCfg = Release|Any CPU
		{5310FE4F-72A2-4F17-A27C-E17D3577804A}.Release|Any CPU.Build.0 = Release|Any CPU
	EndGlobalSection
	GlobalSection(SolutionProperties) = preSolution
		HideSolutionNode = FALSE
	EndGlobalSection
	GlobalSection(ExtensibilityGlobals) = postSolution
		SolutionGuid = {124254A1-7498-4075-A27E-CBC5F51F92F0}
	EndGlobalSection
EndGlobal
